
Microsoft Visual Studio Solution File, Format Version 12.00
# Visual Studio Version 16
VisualStudioVersion = 16.0.31424.327
MinimumVisualStudioVersion = 10.0.40219.1
Project("{FAE04EC0-301F-11D3-BF4B-00C04F79EFBC}") = "Seção 9 - Exercicio Resolvido", "Seção 9 - Exercicio Resolvido\Seção 9 - Exercicio Resolvido.csproj", "{24E83C27-533D-48F5-A558-8F0DD99FE564}"
EndProject
Global
	GlobalSection(SolutionConfigurationPlatforms) = preSolution
		Debug|Any CPU = Debug|Any CPU
		Release|Any CPU = Release|Any CPU
	EndGlobalSection
	GlobalSection(ProjectConfigurationPlatforms) = postSolution
		{24E83C27-533D-48F5-A558-8F0DD99FE564}.Debug|Any CPU.ActiveCfg = Debug|Any CPU
		{24E83C27-533D-48F5-A558-8F0DD99FE564}.Debug|Any CPU.Build.0 = Debug|Any CPU
		{24E83C27-533D-48F5-A558-8F0DD99FE564}.Release|Any CPU.ActiveCfg = Release|Any CPU
		{24E83C27-533D-48F5-A558-8F0DD99FE564}.Release|Any CPU.Build.0 = Release|Any CPU
	EndGlobalSection
	GlobalSection(SolutionProperties) = preSolution
		HideSolutionNode = FALSE
	EndGlobalSection
	GlobalSection(ExtensibilityGlobals) = postSolution
		SolutionGuid = {A726FB9E-94FB-48C1-9BA0-0427D6C0E0EC}
	EndGlobalSection
EndGlobal
